
Microsoft Visual Studio Solution File, Format Version 12.00
# Visual Studio 15
VisualStudioVersion = 15.0.27130.2036
MinimumVisualStudioVersion = 10.0.40219.1
Project("{9A19103F-16F7-4668-BE54-9A1E7A4F7556}") = "DefineAnInterfaceIPerson", "DefineAnInterfaceIPerson\DefineAnInterfaceIPerson.csproj", "{77FDC7F5-8EA1-41F3-BB39-1AE4C4433C75}"
EndProject
Project("{9A19103F-16F7-4668-BE54-9A1E7A4F7556}") = "MultipleImplementation", "MultipleImplementation\MultipleImplementation.csproj", "{6FAF085E-18C6-4550-92B9-838BAEDC6FDF}"
EndProject
Project("{9A19103F-16F7-4668-BE54-9A1E7A4F7556}") = "Ferrari", "Ferrari\Ferrari.csproj", "{44B2EFE3-249B-4E99-A44B-E1B10C46D1BF}"
EndProject
Project("{9A19103F-16F7-4668-BE54-9A1E7A4F7556}") = "Telephony", "Telephony\Telephony.csproj", "{3EAEF2C1-E866-413D-A739-7130A1A47B07}"
EndProject
Project("{9A19103F-16F7-4668-BE54-9A1E7A4F7556}") = "BorderControl", "BorderControl\BorderControl.csproj", "{2E1A4205-04E5-485A-921D-F0FE52E22680}"
EndProject
Project("{9A19103F-16F7-4668-BE54-9A1E7A4F7556}") = "BirthdayCelebrations", "BirthdayCelebrations\BirthdayCelebrations.csproj", "{4B0D4B2D-8E4E-4B15-BC7C-33EDC59F72BA}"
EndProject
Project("{9A19103F-16F7-4668-BE54-9A1E7A4F7556}") = "FootShortage", "FootShortag\FootShortage.csproj", "{DA839DF9-D6AC-4CF3-AF82-6543894AECD2}"
EndProject
Project("{FAE04EC0-301F-11D3-BF4B-00C04F79EFBC}") = "MilitaryElite", "MilitaryElite\MilitaryElite.csproj", "{A3DDD662-A2C6-40AA-BEA4-18C0BE13F549}"
EndProject
Global
	GlobalSection(SolutionConfigurationPlatforms) = preSolution
		Debug|Any CPU = Debug|Any CPU
		Release|Any CPU = Release|Any CPU
	EndGlobalSection
	GlobalSection(ProjectConfigurationPlatforms) = postSolution
		{77FDC7F5-8EA1-41F3-BB39-1AE4C4433C75}.Debug|Any CPU.ActiveCfg = Debug|Any CPU
		{77FDC7F5-8EA1-41F3-BB39-1AE4C4433C75}.Debug|Any CPU.Build.0 = Debug|Any CPU
		{77FDC7F5-8EA1-41F3-BB39-1AE4C4433C75}.Release|Any CPU.ActiveCfg = Release|Any CPU
		{77FDC7F5-8EA1-41F3-BB39-1AE4C4433C75}.Release|Any CPU.Build.0 = Release|Any CPU
		{6FAF085E-18C6-4550-92B9-838BAEDC6FDF}.Debug|Any CPU.ActiveCfg = Debug|Any CPU
		{6FAF085E-18C6-4550-92B9-838BAEDC6FDF}.Debug|Any CPU.Build.0 = Debug|Any CPU
		{6FAF085E-18C6-4550-92B9-838BAEDC6FDF}.Release|Any CPU.ActiveCfg = Release|Any CPU
		{6FAF085E-18C6-4550-92B9-838BAEDC6FDF}.Release|Any CPU.Build.0 = Release|Any CPU
		{44B2EFE3-249B-4E99-A44B-E1B10C46D1BF}.Debug|Any CPU.ActiveCfg = Debug|Any CPU
		{44B2EFE3-249B-4E99-A44B-E1B10C46D1BF}.Debug|Any CPU.Build.0 = Debug|Any CPU
		{44B2EFE3-249B-4E99-A44B-E1B10C46D1BF}.Release|Any CPU.ActiveCfg = Release|Any CPU
		{44B2EFE3-249B-4E99-A44B-E1B10C46D1BF}.Release|Any CPU.Build.0 = Release|Any CPU
		{3EAEF2C1-E866-413D-A739-7130A1A47B07}.Debug|Any CPU.ActiveCfg = Debug|Any CPU
		{3EAEF2C1-E866-413D-A739-7130A1A47B07}.Debug|Any CPU.Build.0 = Debug|Any CPU
		{3EAEF2C1-E866-413D-A739-7130A1A47B07}.Release|Any CPU.ActiveCfg = Release|Any CPU
		{3EAEF2C1-E866-413D-A739-7130A1A47B07}.Release|Any CPU.Build.0 = Release|Any CPU
		{2E1A4205-04E5-485A-921D-F0FE52E22680}.Debug|Any CPU.ActiveCfg = Debug|Any CPU
		{2E1A4205-04E5-485A-921D-F0FE52E22680}.Debug|Any CPU.Build.0 = Debug|Any CPU
		{2E1A4205-04E5-485A-921D-F0FE52E22680}.Release|Any CPU.ActiveCfg = Release|Any CPU
		{2E1A4205-04E5-485A-921D-F0FE52E22680}.Release|Any CPU.Build.0 = Release|Any CPU
		{4B0D4B2D-8E4E-4B15-BC7C-33EDC59F72BA}.Debug|Any CPU.ActiveCfg = Debug|Any CPU
		{4B0D4B2D-8E4E-4B15-BC7C-33EDC59F72BA}.Debug|Any CPU.Build.0 = Debug|Any CPU
		{4B0D4B2D-8E4E-4B15-BC7C-33EDC59F72BA}.Release|Any CPU.ActiveCfg = Release|Any CPU
		{4B0D4B2D-8E4E-4B15-BC7C-33EDC59F72BA}.Release|Any CPU.Build.0 = Release|Any CPU
		{DA839DF9-D6AC-4CF3-AF82-6543894AECD2}.Debug|Any CPU.ActiveCfg = Debug|Any CPU
		{DA839DF9-D6AC-4CF3-AF82-6543894AECD2}.Debug|Any CPU.Build.0 = Debug|Any CPU
		{DA839DF9-D6AC-4CF3-AF82-6543894AECD2}.Release|Any CPU.ActiveCfg = Release|Any CPU
		{DA839DF9-D6AC-4CF3-AF82-6543894AECD2}.Release|Any CPU.Build.0 = Release|Any CPU
		{A3DDD662-A2C6-40AA-BEA4-18C0BE13F549}.Debug|Any CPU.ActiveCfg = Debug|Any CPU
		{A3DDD662-A2C6-40AA-BEA4-18C0BE13F549}.Debug|Any CPU.Build.0 = Debug|Any CPU
		{A3DDD662-A2C6-40AA-BEA4-18C0BE13F549}.Release|Any CPU.ActiveCfg = Release|Any CPU
		{A3DDD662-A2C6-40AA-BEA4-18C0BE13F549}.Release|Any CPU.Build.0 = Release|Any CPU
	EndGlobalSection
	GlobalSection(SolutionProperties) = preSolution
		HideSolutionNode = FALSE
	EndGlobalSection
	GlobalSection(ExtensibilityGlobals) = postSolution
		SolutionGuid = {CC493427-EF27-497A-8546-70FEBE53FC5F}
	EndGlobalSection
EndGlobal
